
Microsoft Visual Studio Solution File, Format Version 12.00
# Visual Studio Version 16
VisualStudioVersion = 16.0.30114.105
MinimumVisualStudioVersion = 10.0.40219.1
Project("{FAE04EC0-301F-11D3-BF4B-00C04F79EFBC}") = "TestsAlgorithmLab", "TestsAlgorithmLab\TestsAlgorithmLab.csproj", "{98B1BA5E-E5FF-4B7F-8D97-5BEF65EDF5D8}"
EndProject
Project("{FAE04EC0-301F-11D3-BF4B-00C04F79EFBC}") = "AlgorithmLab", "AlgorithmLab\AlgorithmLab.csproj", "{2ECAF21D-EF94-4E84-B857-9FD846DD5854}"
EndProject
Global
	GlobalSection(SolutionConfigurationPlatforms) = preSolution
		Debug|Any CPU = Debug|Any CPU
		Release|Any CPU = Release|Any CPU
	EndGlobalSection
	GlobalSection(SolutionProperties) = preSolution
		HideSolutionNode = FALSE
	EndGlobalSection
	GlobalSection(ProjectConfigurationPlatforms) = postSolution
		{98B1BA5E-E5FF-4B7F-8D97-5BEF65EDF5D8}.Debug|Any CPU.ActiveCfg = Debug|Any CPU
		{98B1BA5E-E5FF-4B7F-8D97-5BEF65EDF5D8}.Debug|Any CPU.Build.0 = Debug|Any CPU
		{98B1BA5E-E5FF-4B7F-8D97-5BEF65EDF5D8}.Release|Any CPU.ActiveCfg = Release|Any CPU
		{98B1BA5E-E5FF-4B7F-8D97-5BEF65EDF5D8}.Release|Any CPU.Build.0 = Release|Any CPU
		{2ECAF21D-EF94-4E84-B857-9FD846DD5854}.Debug|Any CPU.ActiveCfg = Debug|Any CPU
		{2ECAF21D-EF94-4E84-B857-9FD846DD5854}.Debug|Any CPU.Build.0 = Debug|Any CPU
		{2ECAF21D-EF94-4E84-B857-9FD846DD5854}.Release|Any CPU.ActiveCfg = Release|Any CPU
		{2ECAF21D-EF94-4E84-B857-9FD846DD5854}.Release|Any CPU.Build.0 = Release|Any CPU
	EndGlobalSection
EndGlobal
